# This file is automatically @generated by Cargo.
# It is not intended for manual editing.
version = 3

[[package]]
name = "html"
version = "0.1.0"
dependencies = [
 "parsley",
 "txml",
]

[[package]]
name = "parsley"
version = "0.1.0"
source = "git+https://github.com/taylor-vann/parsley-rs#bedcb7f63455cbfa600bed7b7bd490d090e8d720"

[[package]]
name = "pretty_html"
version = "0.1.0"
dependencies = [
 "parsley",
 "txml",
]

[[package]]
name = "txml"
version = "0.1.0"
dependencies = [
 "parsley",
]
