# This file is automatically @generated by Cargo.
# It is not intended for manual editing.
version = 3

[[package]]
name = "html"
version = "0.1.0"
dependencies = [
 "parsley",
]

[[package]]
name = "parsley"
version = "0.1.0"
source = "git+https://github.com/taylor-vann/parsley-rs#7d81971f1ef4e4c785b9d5d133ddcd45885a816e"

[[package]]
name = "txml"
version = "0.1.0"
dependencies = [
 "parsley",
]
