# This file is automatically @generated by Cargo.
# It is not intended for manual editing.
version = 3

[[package]]
name = "parsley"
version = "0.1.0"

[[package]]
name = "static_template_builder"
version = "0.1.0"
dependencies = [
 "parsley",
 "static_txml_builder",
 "txml",
]

[[package]]
name = "static_txml_builder"
version = "0.1.0"
dependencies = [
 "parsley",
 "txml",
]

[[package]]
name = "txml"
version = "0.1.0"
